
Microsoft Visual Studio Solution File, Format Version 11.00
# Visual Studio 2010
Project("{FAE04EC0-301F-11D3-BF4B-00C04F79EFBC}") = "FullScreenPinning", "FullScreenPinning\FullScreenPinning.csproj", "{C2540093-9938-485F-9597-B685ACD4D232}"
EndProject
Project("{FAE04EC0-301F-11D3-BF4B-00C04F79EFBC}") = "FullScreenPinning.Web", "FullScreenPinning.Web\FullScreenPinning.Web.csproj", "{8D17EEFB-72D5-42CC-A009-38FC5202E2A4}"
EndProject
Global
	GlobalSection(SolutionConfigurationPlatforms) = preSolution
		Debug|Any CPU = Debug|Any CPU
		Release|Any CPU = Release|Any CPU
	EndGlobalSection
	GlobalSection(ProjectConfigurationPlatforms) = postSolution
		{C2540093-9938-485F-9597-B685ACD4D232}.Debug|Any CPU.ActiveCfg = Debug|Any CPU
		{C2540093-9938-485F-9597-B685ACD4D232}.Debug|Any CPU.Build.0 = Debug|Any CPU
		{C2540093-9938-485F-9597-B685ACD4D232}.Release|Any CPU.ActiveCfg = Release|Any CPU
		{C2540093-9938-485F-9597-B685ACD4D232}.Release|Any CPU.Build.0 = Release|Any CPU
		{8D17EEFB-72D5-42CC-A009-38FC5202E2A4}.Debug|Any CPU.ActiveCfg = Debug|Any CPU
		{8D17EEFB-72D5-42CC-A009-38FC5202E2A4}.Debug|Any CPU.Build.0 = Debug|Any CPU
		{8D17EEFB-72D5-42CC-A009-38FC5202E2A4}.Release|Any CPU.ActiveCfg = Release|Any CPU
		{8D17EEFB-72D5-42CC-A009-38FC5202E2A4}.Release|Any CPU.Build.0 = Release|Any CPU
	EndGlobalSection
	GlobalSection(SolutionProperties) = preSolution
		HideSolutionNode = FALSE
	EndGlobalSection
EndGlobal
