
Microsoft Visual Studio Solution File, Format Version 11.00
# Visual Studio 2010
Project("{FAE04EC0-301F-11D3-BF4B-00C04F79EFBC}") = "FillBrowser", "FillBrowser\FillBrowser.csproj", "{B357FBDC-97A5-422E-90FE-B4C97D939E59}"
EndProject
Project("{FAE04EC0-301F-11D3-BF4B-00C04F79EFBC}") = "FillBrowser.Web", "FillBrowser.Web\FillBrowser.Web.csproj", "{FCA038FF-CC8D-46F8-ABA1-A2BB32B2F318}"
EndProject
Global
	GlobalSection(SolutionConfigurationPlatforms) = preSolution
		Debug|Any CPU = Debug|Any CPU
		Release|Any CPU = Release|Any CPU
	EndGlobalSection
	GlobalSection(ProjectConfigurationPlatforms) = postSolution
		{B357FBDC-97A5-422E-90FE-B4C97D939E59}.Debug|Any CPU.ActiveCfg = Debug|Any CPU
		{B357FBDC-97A5-422E-90FE-B4C97D939E59}.Debug|Any CPU.Build.0 = Debug|Any CPU
		{B357FBDC-97A5-422E-90FE-B4C97D939E59}.Release|Any CPU.ActiveCfg = Release|Any CPU
		{B357FBDC-97A5-422E-90FE-B4C97D939E59}.Release|Any CPU.Build.0 = Release|Any CPU
		{FCA038FF-CC8D-46F8-ABA1-A2BB32B2F318}.Debug|Any CPU.ActiveCfg = Debug|Any CPU
		{FCA038FF-CC8D-46F8-ABA1-A2BB32B2F318}.Debug|Any CPU.Build.0 = Debug|Any CPU
		{FCA038FF-CC8D-46F8-ABA1-A2BB32B2F318}.Release|Any CPU.ActiveCfg = Release|Any CPU
		{FCA038FF-CC8D-46F8-ABA1-A2BB32B2F318}.Release|Any CPU.Build.0 = Release|Any CPU
	EndGlobalSection
	GlobalSection(SolutionProperties) = preSolution
		HideSolutionNode = FALSE
	EndGlobalSection
EndGlobal
