
Microsoft Visual Studio Solution File, Format Version 11.00
# Visual Studio 2010
Project("{FAE04EC0-301F-11D3-BF4B-00C04F79EFBC}") = "OutOfBrowser", "OutOfBrowser\OutOfBrowser.csproj", "{236D4826-84BE-4E31-A5C6-1F6F42361372}"
EndProject
Project("{FAE04EC0-301F-11D3-BF4B-00C04F79EFBC}") = "OutOfBrowser.Web", "OutOfBrowser.Web\OutOfBrowser.Web.csproj", "{02F1BE33-2AFD-4D60-A082-48060B2ABA8C}"
EndProject
Global
	GlobalSection(SolutionConfigurationPlatforms) = preSolution
		Debug|Any CPU = Debug|Any CPU
		Release|Any CPU = Release|Any CPU
	EndGlobalSection
	GlobalSection(ProjectConfigurationPlatforms) = postSolution
		{236D4826-84BE-4E31-A5C6-1F6F42361372}.Debug|Any CPU.ActiveCfg = Debug|Any CPU
		{236D4826-84BE-4E31-A5C6-1F6F42361372}.Debug|Any CPU.Build.0 = Debug|Any CPU
		{236D4826-84BE-4E31-A5C6-1F6F42361372}.Release|Any CPU.ActiveCfg = Release|Any CPU
		{236D4826-84BE-4E31-A5C6-1F6F42361372}.Release|Any CPU.Build.0 = Release|Any CPU
		{02F1BE33-2AFD-4D60-A082-48060B2ABA8C}.Debug|Any CPU.ActiveCfg = Debug|Any CPU
		{02F1BE33-2AFD-4D60-A082-48060B2ABA8C}.Debug|Any CPU.Build.0 = Debug|Any CPU
		{02F1BE33-2AFD-4D60-A082-48060B2ABA8C}.Release|Any CPU.ActiveCfg = Release|Any CPU
		{02F1BE33-2AFD-4D60-A082-48060B2ABA8C}.Release|Any CPU.Build.0 = Release|Any CPU
	EndGlobalSection
	GlobalSection(SolutionProperties) = preSolution
		HideSolutionNode = FALSE
	EndGlobalSection
EndGlobal
