
Microsoft Visual Studio Solution File, Format Version 11.00
# Visual Studio 2010
Project("{FAE04EC0-301F-11D3-BF4B-00C04F79EFBC}") = "SimpleDataGrid", "SimpleDataGrid\SimpleDataGrid.csproj", "{EDFF1B0B-4D83-46DC-B40B-BB374E588485}"
EndProject
Project("{FAE04EC0-301F-11D3-BF4B-00C04F79EFBC}") = "SimpleDataGrid.Web", "SimpleDataGrid.Web\SimpleDataGrid.Web.csproj", "{7CC4B181-B4A5-4B31-8C1E-9EB891C5EA04}"
EndProject
Global
	GlobalSection(SolutionConfigurationPlatforms) = preSolution
		Debug|Any CPU = Debug|Any CPU
		Release|Any CPU = Release|Any CPU
	EndGlobalSection
	GlobalSection(ProjectConfigurationPlatforms) = postSolution
		{EDFF1B0B-4D83-46DC-B40B-BB374E588485}.Debug|Any CPU.ActiveCfg = Debug|Any CPU
		{EDFF1B0B-4D83-46DC-B40B-BB374E588485}.Debug|Any CPU.Build.0 = Debug|Any CPU
		{EDFF1B0B-4D83-46DC-B40B-BB374E588485}.Release|Any CPU.ActiveCfg = Release|Any CPU
		{EDFF1B0B-4D83-46DC-B40B-BB374E588485}.Release|Any CPU.Build.0 = Release|Any CPU
		{7CC4B181-B4A5-4B31-8C1E-9EB891C5EA04}.Debug|Any CPU.ActiveCfg = Debug|Any CPU
		{7CC4B181-B4A5-4B31-8C1E-9EB891C5EA04}.Debug|Any CPU.Build.0 = Debug|Any CPU
		{7CC4B181-B4A5-4B31-8C1E-9EB891C5EA04}.Release|Any CPU.ActiveCfg = Release|Any CPU
		{7CC4B181-B4A5-4B31-8C1E-9EB891C5EA04}.Release|Any CPU.Build.0 = Release|Any CPU
	EndGlobalSection
	GlobalSection(SolutionProperties) = preSolution
		HideSolutionNode = FALSE
	EndGlobalSection
EndGlobal
