
Microsoft Visual Studio Solution File, Format Version 11.00
# Visual Studio 2010
Project("{FAE04EC0-301F-11D3-BF4B-00C04F79EFBC}") = "StringFormattingBinding", "StringFormattingBinding\StringFormattingBinding.csproj", "{75CEF4AF-4028-45A5-A113-D2180CB57EC2}"
EndProject
Project("{FAE04EC0-301F-11D3-BF4B-00C04F79EFBC}") = "StringFormattingBinding.Web", "StringFormattingBinding.Web\StringFormattingBinding.Web.csproj", "{87F5C52B-CAF0-4DE0-905D-8FBBE776D949}"
EndProject
Global
	GlobalSection(SolutionConfigurationPlatforms) = preSolution
		Debug|Any CPU = Debug|Any CPU
		Release|Any CPU = Release|Any CPU
	EndGlobalSection
	GlobalSection(ProjectConfigurationPlatforms) = postSolution
		{75CEF4AF-4028-45A5-A113-D2180CB57EC2}.Debug|Any CPU.ActiveCfg = Debug|Any CPU
		{75CEF4AF-4028-45A5-A113-D2180CB57EC2}.Debug|Any CPU.Build.0 = Debug|Any CPU
		{75CEF4AF-4028-45A5-A113-D2180CB57EC2}.Release|Any CPU.ActiveCfg = Release|Any CPU
		{75CEF4AF-4028-45A5-A113-D2180CB57EC2}.Release|Any CPU.Build.0 = Release|Any CPU
		{87F5C52B-CAF0-4DE0-905D-8FBBE776D949}.Debug|Any CPU.ActiveCfg = Debug|Any CPU
		{87F5C52B-CAF0-4DE0-905D-8FBBE776D949}.Debug|Any CPU.Build.0 = Debug|Any CPU
		{87F5C52B-CAF0-4DE0-905D-8FBBE776D949}.Release|Any CPU.ActiveCfg = Release|Any CPU
		{87F5C52B-CAF0-4DE0-905D-8FBBE776D949}.Release|Any CPU.Build.0 = Release|Any CPU
	EndGlobalSection
	GlobalSection(SolutionProperties) = preSolution
		HideSolutionNode = FALSE
	EndGlobalSection
EndGlobal
