
Microsoft Visual Studio Solution File, Format Version 11.00
# Visual Studio 2010
Project("{FAE04EC0-301F-11D3-BF4B-00C04F79EFBC}") = "BasicDataBinding", "BasicDataBinding\BasicDataBinding.csproj", "{376E84C8-07E6-465C-863D-F3F793C86AB1}"
EndProject
Project("{FAE04EC0-301F-11D3-BF4B-00C04F79EFBC}") = "BasicDataBinding.Web", "BasicDataBinding.Web\BasicDataBinding.Web.csproj", "{D9E60E01-6E73-41EE-A517-579DD60D55DC}"
EndProject
Global
	GlobalSection(SolutionConfigurationPlatforms) = preSolution
		Debug|Any CPU = Debug|Any CPU
		Release|Any CPU = Release|Any CPU
	EndGlobalSection
	GlobalSection(ProjectConfigurationPlatforms) = postSolution
		{376E84C8-07E6-465C-863D-F3F793C86AB1}.Debug|Any CPU.ActiveCfg = Debug|Any CPU
		{376E84C8-07E6-465C-863D-F3F793C86AB1}.Debug|Any CPU.Build.0 = Debug|Any CPU
		{376E84C8-07E6-465C-863D-F3F793C86AB1}.Release|Any CPU.ActiveCfg = Release|Any CPU
		{376E84C8-07E6-465C-863D-F3F793C86AB1}.Release|Any CPU.Build.0 = Release|Any CPU
		{D9E60E01-6E73-41EE-A517-579DD60D55DC}.Debug|Any CPU.ActiveCfg = Debug|Any CPU
		{D9E60E01-6E73-41EE-A517-579DD60D55DC}.Debug|Any CPU.Build.0 = Debug|Any CPU
		{D9E60E01-6E73-41EE-A517-579DD60D55DC}.Release|Any CPU.ActiveCfg = Release|Any CPU
		{D9E60E01-6E73-41EE-A517-579DD60D55DC}.Release|Any CPU.Build.0 = Release|Any CPU
	EndGlobalSection
	GlobalSection(SolutionProperties) = preSolution
		HideSolutionNode = FALSE
	EndGlobalSection
EndGlobal
