
Microsoft Visual Studio Solution File, Format Version 11.00
# Visual Studio 2010
Project("{E24C65DC-7377-472B-9ABA-BC803B73C61A}") = "BlendProjectsSite", "BlendProjectsSite\", "{356D20E7-0814-4410-9256-15E109DC83C7}"
	ProjectSection(WebsiteProperties) = preProject
		TargetFrameworkMoniker = ".NETFramework,Version%3Dv4.0"
		Debug.AspNetCompiler.VirtualPath = "/BlendProjectsSite"
		Debug.AspNetCompiler.PhysicalPath = "BlendProjectsSite\"
		Debug.AspNetCompiler.TargetPath = "PrecompiledWeb\BlendProjectsSite\"
		Debug.AspNetCompiler.Updateable = "true"
		Debug.AspNetCompiler.ForceOverwrite = "true"
		Debug.AspNetCompiler.FixedNames = "false"
		Debug.AspNetCompiler.Debug = "True"
		Release.AspNetCompiler.VirtualPath = "/BlendProjectsSite"
		Release.AspNetCompiler.PhysicalPath = "BlendProjectsSite\"
		Release.AspNetCompiler.TargetPath = "PrecompiledWeb\BlendProjectsSite\"
		Release.AspNetCompiler.Updateable = "true"
		Release.AspNetCompiler.ForceOverwrite = "true"
		Release.AspNetCompiler.FixedNames = "false"
		Release.AspNetCompiler.Debug = "False"
		VWDPort = "18361"
		ProjOutputReferences = "{fcfdafae-932e-4919-bddc-2c3387e951a7}|ClientBin|false;"
	EndProjectSection
EndProject
Project("{FAE04EC0-301F-11D3-BF4B-00C04F79EFBC}") = "BlendProjects", "BlendProjects\BlendProjects.csproj", "{FCFDAFAE-932E-4919-BDDC-2C3387E951A7}"
EndProject
Global
	GlobalSection(SolutionConfigurationPlatforms) = preSolution
		Debug|Any CPU = Debug|Any CPU
		Release|Any CPU = Release|Any CPU
	EndGlobalSection
	GlobalSection(ProjectConfigurationPlatforms) = postSolution
		{356D20E7-0814-4410-9256-15E109DC83C7}.Debug|Any CPU.ActiveCfg = Debug|Any CPU
		{356D20E7-0814-4410-9256-15E109DC83C7}.Debug|Any CPU.Build.0 = Debug|Any CPU
		{356D20E7-0814-4410-9256-15E109DC83C7}.Release|Any CPU.ActiveCfg = Release|Any CPU
		{356D20E7-0814-4410-9256-15E109DC83C7}.Release|Any CPU.Build.0 = Release|Any CPU
		{FCFDAFAE-932E-4919-BDDC-2C3387E951A7}.Debug|Any CPU.ActiveCfg = Debug|Any CPU
		{FCFDAFAE-932E-4919-BDDC-2C3387E951A7}.Debug|Any CPU.Build.0 = Debug|Any CPU
		{FCFDAFAE-932E-4919-BDDC-2C3387E951A7}.Release|Any CPU.ActiveCfg = Release|Any CPU
		{FCFDAFAE-932E-4919-BDDC-2C3387E951A7}.Release|Any CPU.Build.0 = Release|Any CPU
	EndGlobalSection
	GlobalSection(SolutionProperties) = preSolution
		HideSolutionNode = FALSE
	EndGlobalSection
EndGlobal
