
Microsoft Visual Studio Solution File, Format Version 11.00
# Visual Studio 2010
Project("{E24C65DC-7377-472B-9ABA-BC803B73C61A}") = "BlendLayoutSite", "BlendLayoutSite\", "{5D5EC69C-F564-4654-BE5E-DE7B8AB7E250}"
	ProjectSection(WebsiteProperties) = preProject
		TargetFrameworkMoniker = ".NETFramework,Version%3Dv4.0"
		Debug.AspNetCompiler.VirtualPath = "/BlendLayoutSite"
		Debug.AspNetCompiler.PhysicalPath = "BlendLayoutSite\"
		Debug.AspNetCompiler.TargetPath = "PrecompiledWeb\BlendLayoutSite\"
		Debug.AspNetCompiler.Updateable = "true"
		Debug.AspNetCompiler.ForceOverwrite = "true"
		Debug.AspNetCompiler.FixedNames = "false"
		Debug.AspNetCompiler.Debug = "True"
		Release.AspNetCompiler.VirtualPath = "/BlendLayoutSite"
		Release.AspNetCompiler.PhysicalPath = "BlendLayoutSite\"
		Release.AspNetCompiler.TargetPath = "PrecompiledWeb\BlendLayoutSite\"
		Release.AspNetCompiler.Updateable = "true"
		Release.AspNetCompiler.ForceOverwrite = "true"
		Release.AspNetCompiler.FixedNames = "false"
		Release.AspNetCompiler.Debug = "False"
		VWDPort = "21914"
		ProjOutputReferences = "{d58ecb1b-80bf-4948-9564-47c71ab4b940}|ClientBin|false;"
	EndProjectSection
EndProject
Project("{FAE04EC0-301F-11D3-BF4B-00C04F79EFBC}") = "BlendLayout", "BlendLayout\BlendLayout.csproj", "{D58ECB1B-80BF-4948-9564-47C71AB4B940}"
EndProject
Global
	GlobalSection(SolutionConfigurationPlatforms) = preSolution
		Debug|Any CPU = Debug|Any CPU
		Release|Any CPU = Release|Any CPU
	EndGlobalSection
	GlobalSection(ProjectConfigurationPlatforms) = postSolution
		{5D5EC69C-F564-4654-BE5E-DE7B8AB7E250}.Debug|Any CPU.ActiveCfg = Debug|Any CPU
		{5D5EC69C-F564-4654-BE5E-DE7B8AB7E250}.Debug|Any CPU.Build.0 = Debug|Any CPU
		{5D5EC69C-F564-4654-BE5E-DE7B8AB7E250}.Release|Any CPU.ActiveCfg = Release|Any CPU
		{5D5EC69C-F564-4654-BE5E-DE7B8AB7E250}.Release|Any CPU.Build.0 = Release|Any CPU
		{D58ECB1B-80BF-4948-9564-47C71AB4B940}.Debug|Any CPU.ActiveCfg = Debug|Any CPU
		{D58ECB1B-80BF-4948-9564-47C71AB4B940}.Debug|Any CPU.Build.0 = Debug|Any CPU
		{D58ECB1B-80BF-4948-9564-47C71AB4B940}.Release|Any CPU.ActiveCfg = Release|Any CPU
		{D58ECB1B-80BF-4948-9564-47C71AB4B940}.Release|Any CPU.Build.0 = Release|Any CPU
	EndGlobalSection
	GlobalSection(SolutionProperties) = preSolution
		HideSolutionNode = FALSE
	EndGlobalSection
EndGlobal
