
Microsoft Visual Studio Solution File, Format Version 11.00
# Visual Studio 2010
Project("{FAE04EC0-301F-11D3-BF4B-00C04F79EFBC}") = "CameraAccess", "CameraAccess\CameraAccess.csproj", "{2A4493DA-4020-437D-991E-E656BC8FD8D4}"
EndProject
Project("{FAE04EC0-301F-11D3-BF4B-00C04F79EFBC}") = "CameraAccess.Web", "CameraAccess.Web\CameraAccess.Web.csproj", "{B3763170-BE15-4AF6-A15F-BA4D32609CCF}"
EndProject
Global
	GlobalSection(SolutionConfigurationPlatforms) = preSolution
		Debug|Any CPU = Debug|Any CPU
		Release|Any CPU = Release|Any CPU
	EndGlobalSection
	GlobalSection(ProjectConfigurationPlatforms) = postSolution
		{2A4493DA-4020-437D-991E-E656BC8FD8D4}.Debug|Any CPU.ActiveCfg = Debug|Any CPU
		{2A4493DA-4020-437D-991E-E656BC8FD8D4}.Debug|Any CPU.Build.0 = Debug|Any CPU
		{2A4493DA-4020-437D-991E-E656BC8FD8D4}.Release|Any CPU.ActiveCfg = Release|Any CPU
		{2A4493DA-4020-437D-991E-E656BC8FD8D4}.Release|Any CPU.Build.0 = Release|Any CPU
		{B3763170-BE15-4AF6-A15F-BA4D32609CCF}.Debug|Any CPU.ActiveCfg = Debug|Any CPU
		{B3763170-BE15-4AF6-A15F-BA4D32609CCF}.Debug|Any CPU.Build.0 = Debug|Any CPU
		{B3763170-BE15-4AF6-A15F-BA4D32609CCF}.Release|Any CPU.ActiveCfg = Release|Any CPU
		{B3763170-BE15-4AF6-A15F-BA4D32609CCF}.Release|Any CPU.Build.0 = Release|Any CPU
	EndGlobalSection
	GlobalSection(SolutionProperties) = preSolution
		HideSolutionNode = FALSE
	EndGlobalSection
EndGlobal
