
Microsoft Visual Studio Solution File, Format Version 11.00
# Visual Studio 2010
Project("{FAE04EC0-301F-11D3-BF4B-00C04F79EFBC}") = "ViewBox", "ViewBox\ViewBox.csproj", "{08E72DA4-DBDC-4E05-8D6F-6DAACC8F13D1}"
EndProject
Project("{FAE04EC0-301F-11D3-BF4B-00C04F79EFBC}") = "ViewBox.Web", "ViewBox.Web\ViewBox.Web.csproj", "{6B976BF5-2B62-417F-BB38-2837CB520A12}"
EndProject
Global
	GlobalSection(SolutionConfigurationPlatforms) = preSolution
		Debug|Any CPU = Debug|Any CPU
		Release|Any CPU = Release|Any CPU
	EndGlobalSection
	GlobalSection(ProjectConfigurationPlatforms) = postSolution
		{08E72DA4-DBDC-4E05-8D6F-6DAACC8F13D1}.Debug|Any CPU.ActiveCfg = Debug|Any CPU
		{08E72DA4-DBDC-4E05-8D6F-6DAACC8F13D1}.Debug|Any CPU.Build.0 = Debug|Any CPU
		{08E72DA4-DBDC-4E05-8D6F-6DAACC8F13D1}.Release|Any CPU.ActiveCfg = Release|Any CPU
		{08E72DA4-DBDC-4E05-8D6F-6DAACC8F13D1}.Release|Any CPU.Build.0 = Release|Any CPU
		{6B976BF5-2B62-417F-BB38-2837CB520A12}.Debug|Any CPU.ActiveCfg = Debug|Any CPU
		{6B976BF5-2B62-417F-BB38-2837CB520A12}.Debug|Any CPU.Build.0 = Debug|Any CPU
		{6B976BF5-2B62-417F-BB38-2837CB520A12}.Release|Any CPU.ActiveCfg = Release|Any CPU
		{6B976BF5-2B62-417F-BB38-2837CB520A12}.Release|Any CPU.Build.0 = Release|Any CPU
	EndGlobalSection
	GlobalSection(SolutionProperties) = preSolution
		HideSolutionNode = FALSE
	EndGlobalSection
EndGlobal
