
Microsoft Visual Studio Solution File, Format Version 11.00
# Visual Studio 2010
Project("{FAE04EC0-301F-11D3-BF4B-00C04F79EFBC}") = "DataGridCustomColumns", "DataGridCustomColumns\DataGridCustomColumns.csproj", "{F1905630-E67C-4914-BDC5-CEE7C12C2C79}"
EndProject
Project("{FAE04EC0-301F-11D3-BF4B-00C04F79EFBC}") = "DataGridCustomColumns.Web", "DataGridCustomColumns.Web\DataGridCustomColumns.Web.csproj", "{BA925BB9-D1D3-4923-8DDF-FF8F3DD19E9A}"
EndProject
Global
	GlobalSection(SolutionConfigurationPlatforms) = preSolution
		Debug|Any CPU = Debug|Any CPU
		Release|Any CPU = Release|Any CPU
	EndGlobalSection
	GlobalSection(ProjectConfigurationPlatforms) = postSolution
		{F1905630-E67C-4914-BDC5-CEE7C12C2C79}.Debug|Any CPU.ActiveCfg = Debug|Any CPU
		{F1905630-E67C-4914-BDC5-CEE7C12C2C79}.Debug|Any CPU.Build.0 = Debug|Any CPU
		{F1905630-E67C-4914-BDC5-CEE7C12C2C79}.Release|Any CPU.ActiveCfg = Release|Any CPU
		{F1905630-E67C-4914-BDC5-CEE7C12C2C79}.Release|Any CPU.Build.0 = Release|Any CPU
		{BA925BB9-D1D3-4923-8DDF-FF8F3DD19E9A}.Debug|Any CPU.ActiveCfg = Debug|Any CPU
		{BA925BB9-D1D3-4923-8DDF-FF8F3DD19E9A}.Debug|Any CPU.Build.0 = Debug|Any CPU
		{BA925BB9-D1D3-4923-8DDF-FF8F3DD19E9A}.Release|Any CPU.ActiveCfg = Release|Any CPU
		{BA925BB9-D1D3-4923-8DDF-FF8F3DD19E9A}.Release|Any CPU.Build.0 = Release|Any CPU
	EndGlobalSection
	GlobalSection(SolutionProperties) = preSolution
		HideSolutionNode = FALSE
	EndGlobalSection
EndGlobal
