
Microsoft Visual Studio Solution File, Format Version 11.00
# Visual Studio 2010
Project("{FAE04EC0-301F-11D3-BF4B-00C04F79EFBC}") = "CanvasPanel", "CanvasPanel\CanvasPanel.csproj", "{79D005D7-3C5D-4AE2-B2EB-102A0F8B9B06}"
EndProject
Project("{FAE04EC0-301F-11D3-BF4B-00C04F79EFBC}") = "CanvasPanel.Web", "CanvasPanel.Web\CanvasPanel.Web.csproj", "{CFD5A992-6803-4D43-880A-D90A5C4851CB}"
EndProject
Global
	GlobalSection(SolutionConfigurationPlatforms) = preSolution
		Debug|Any CPU = Debug|Any CPU
		Release|Any CPU = Release|Any CPU
	EndGlobalSection
	GlobalSection(ProjectConfigurationPlatforms) = postSolution
		{79D005D7-3C5D-4AE2-B2EB-102A0F8B9B06}.Debug|Any CPU.ActiveCfg = Debug|Any CPU
		{79D005D7-3C5D-4AE2-B2EB-102A0F8B9B06}.Debug|Any CPU.Build.0 = Debug|Any CPU
		{79D005D7-3C5D-4AE2-B2EB-102A0F8B9B06}.Release|Any CPU.ActiveCfg = Release|Any CPU
		{79D005D7-3C5D-4AE2-B2EB-102A0F8B9B06}.Release|Any CPU.Build.0 = Release|Any CPU
		{CFD5A992-6803-4D43-880A-D90A5C4851CB}.Debug|Any CPU.ActiveCfg = Debug|Any CPU
		{CFD5A992-6803-4D43-880A-D90A5C4851CB}.Debug|Any CPU.Build.0 = Debug|Any CPU
		{CFD5A992-6803-4D43-880A-D90A5C4851CB}.Release|Any CPU.ActiveCfg = Release|Any CPU
		{CFD5A992-6803-4D43-880A-D90A5C4851CB}.Release|Any CPU.Build.0 = Release|Any CPU
	EndGlobalSection
	GlobalSection(SolutionProperties) = preSolution
		HideSolutionNode = FALSE
	EndGlobalSection
EndGlobal
