
Microsoft Visual Studio Solution File, Format Version 11.00
# Visual Studio 2010
Project("{FAE04EC0-301F-11D3-BF4B-00C04F79EFBC}") = "BasedOnStyles", "BasedOnStyles\BasedOnStyles.csproj", "{0E2F9D61-F4A1-47BD-AED6-BC119BB60E33}"
EndProject
Project("{FAE04EC0-301F-11D3-BF4B-00C04F79EFBC}") = "BasedOnStyles.Web", "BasedOnStyles.Web\BasedOnStyles.Web.csproj", "{7F48FB3A-C5BC-4876-99ED-704873DB6E1E}"
EndProject
Global
	GlobalSection(SolutionConfigurationPlatforms) = preSolution
		Debug|Any CPU = Debug|Any CPU
		Release|Any CPU = Release|Any CPU
	EndGlobalSection
	GlobalSection(ProjectConfigurationPlatforms) = postSolution
		{0E2F9D61-F4A1-47BD-AED6-BC119BB60E33}.Debug|Any CPU.ActiveCfg = Debug|Any CPU
		{0E2F9D61-F4A1-47BD-AED6-BC119BB60E33}.Debug|Any CPU.Build.0 = Debug|Any CPU
		{0E2F9D61-F4A1-47BD-AED6-BC119BB60E33}.Release|Any CPU.ActiveCfg = Release|Any CPU
		{0E2F9D61-F4A1-47BD-AED6-BC119BB60E33}.Release|Any CPU.Build.0 = Release|Any CPU
		{7F48FB3A-C5BC-4876-99ED-704873DB6E1E}.Debug|Any CPU.ActiveCfg = Debug|Any CPU
		{7F48FB3A-C5BC-4876-99ED-704873DB6E1E}.Debug|Any CPU.Build.0 = Debug|Any CPU
		{7F48FB3A-C5BC-4876-99ED-704873DB6E1E}.Release|Any CPU.ActiveCfg = Release|Any CPU
		{7F48FB3A-C5BC-4876-99ED-704873DB6E1E}.Release|Any CPU.Build.0 = Release|Any CPU
	EndGlobalSection
	GlobalSection(SolutionProperties) = preSolution
		HideSolutionNode = FALSE
	EndGlobalSection
EndGlobal
