
Microsoft Visual Studio Solution File, Format Version 11.00
# Visual Studio 2010
Project("{FAE04EC0-301F-11D3-BF4B-00C04F79EFBC}") = "AccordionControl", "AccordionControl\AccordionControl.csproj", "{8ADF0A28-BA36-4240-9391-4AE935E7B697}"
EndProject
Project("{FAE04EC0-301F-11D3-BF4B-00C04F79EFBC}") = "AccordionControl.Web", "AccordionControl.Web\AccordionControl.Web.csproj", "{00079740-5844-49E1-BD9A-41E1E0B97AEF}"
EndProject
Global
	GlobalSection(SolutionConfigurationPlatforms) = preSolution
		Debug|Any CPU = Debug|Any CPU
		Release|Any CPU = Release|Any CPU
	EndGlobalSection
	GlobalSection(ProjectConfigurationPlatforms) = postSolution
		{8ADF0A28-BA36-4240-9391-4AE935E7B697}.Debug|Any CPU.ActiveCfg = Debug|Any CPU
		{8ADF0A28-BA36-4240-9391-4AE935E7B697}.Debug|Any CPU.Build.0 = Debug|Any CPU
		{8ADF0A28-BA36-4240-9391-4AE935E7B697}.Release|Any CPU.ActiveCfg = Release|Any CPU
		{8ADF0A28-BA36-4240-9391-4AE935E7B697}.Release|Any CPU.Build.0 = Release|Any CPU
		{00079740-5844-49E1-BD9A-41E1E0B97AEF}.Debug|Any CPU.ActiveCfg = Debug|Any CPU
		{00079740-5844-49E1-BD9A-41E1E0B97AEF}.Debug|Any CPU.Build.0 = Debug|Any CPU
		{00079740-5844-49E1-BD9A-41E1E0B97AEF}.Release|Any CPU.ActiveCfg = Release|Any CPU
		{00079740-5844-49E1-BD9A-41E1E0B97AEF}.Release|Any CPU.Build.0 = Release|Any CPU
	EndGlobalSection
	GlobalSection(SolutionProperties) = preSolution
		HideSolutionNode = FALSE
	EndGlobalSection
EndGlobal
