
Microsoft Visual Studio Solution File, Format Version 11.00
# Visual Studio 2010
Project("{FAE04EC0-301F-11D3-BF4B-00C04F79EFBC}") = "AutoCompleteBox", "AutoCompleteBox\AutoCompleteBox.csproj", "{3F5C7D4A-74FD-40C8-92CF-7DD86C0DF215}"
EndProject
Project("{FAE04EC0-301F-11D3-BF4B-00C04F79EFBC}") = "AutoCompleteBox.Web", "AutoCompleteBox.Web\AutoCompleteBox.Web.csproj", "{DD333965-D0A6-4C82-9DAA-06041960E432}"
EndProject
Global
	GlobalSection(SolutionConfigurationPlatforms) = preSolution
		Debug|Any CPU = Debug|Any CPU
		Release|Any CPU = Release|Any CPU
	EndGlobalSection
	GlobalSection(ProjectConfigurationPlatforms) = postSolution
		{3F5C7D4A-74FD-40C8-92CF-7DD86C0DF215}.Debug|Any CPU.ActiveCfg = Debug|Any CPU
		{3F5C7D4A-74FD-40C8-92CF-7DD86C0DF215}.Debug|Any CPU.Build.0 = Debug|Any CPU
		{3F5C7D4A-74FD-40C8-92CF-7DD86C0DF215}.Release|Any CPU.ActiveCfg = Release|Any CPU
		{3F5C7D4A-74FD-40C8-92CF-7DD86C0DF215}.Release|Any CPU.Build.0 = Release|Any CPU
		{DD333965-D0A6-4C82-9DAA-06041960E432}.Debug|Any CPU.ActiveCfg = Debug|Any CPU
		{DD333965-D0A6-4C82-9DAA-06041960E432}.Debug|Any CPU.Build.0 = Debug|Any CPU
		{DD333965-D0A6-4C82-9DAA-06041960E432}.Release|Any CPU.ActiveCfg = Release|Any CPU
		{DD333965-D0A6-4C82-9DAA-06041960E432}.Release|Any CPU.Build.0 = Release|Any CPU
	EndGlobalSection
	GlobalSection(SolutionProperties) = preSolution
		HideSolutionNode = FALSE
	EndGlobalSection
EndGlobal
