
Microsoft Visual Studio Solution File, Format Version 11.00
# Visual Studio 2010
Project("{FAE04EC0-301F-11D3-BF4B-00C04F79EFBC}") = "CheckBoxRadioButton", "CheckBoxRadioButton\CheckBoxRadioButton.csproj", "{6F8460CD-05D6-4590-A85B-007B3F2EEEFF}"
EndProject
Project("{FAE04EC0-301F-11D3-BF4B-00C04F79EFBC}") = "CheckBoxRadioButton.Web", "CheckBoxRadioButton.Web\CheckBoxRadioButton.Web.csproj", "{198453AA-9B0C-47D8-B9F1-8B29C0730A04}"
EndProject
Global
	GlobalSection(SolutionConfigurationPlatforms) = preSolution
		Debug|Any CPU = Debug|Any CPU
		Release|Any CPU = Release|Any CPU
	EndGlobalSection
	GlobalSection(ProjectConfigurationPlatforms) = postSolution
		{6F8460CD-05D6-4590-A85B-007B3F2EEEFF}.Debug|Any CPU.ActiveCfg = Debug|Any CPU
		{6F8460CD-05D6-4590-A85B-007B3F2EEEFF}.Debug|Any CPU.Build.0 = Debug|Any CPU
		{6F8460CD-05D6-4590-A85B-007B3F2EEEFF}.Release|Any CPU.ActiveCfg = Release|Any CPU
		{6F8460CD-05D6-4590-A85B-007B3F2EEEFF}.Release|Any CPU.Build.0 = Release|Any CPU
		{198453AA-9B0C-47D8-B9F1-8B29C0730A04}.Debug|Any CPU.ActiveCfg = Debug|Any CPU
		{198453AA-9B0C-47D8-B9F1-8B29C0730A04}.Debug|Any CPU.Build.0 = Debug|Any CPU
		{198453AA-9B0C-47D8-B9F1-8B29C0730A04}.Release|Any CPU.ActiveCfg = Release|Any CPU
		{198453AA-9B0C-47D8-B9F1-8B29C0730A04}.Release|Any CPU.Build.0 = Release|Any CPU
	EndGlobalSection
	GlobalSection(SolutionProperties) = preSolution
		HideSolutionNode = FALSE
	EndGlobalSection
EndGlobal
